# This file is automatically @generated by Cargo.
# It is not intended for manual editing.
version = 4

[[package]]
name = "bench_c0"
version = "0.1.0"

[[package]]
name = "bench_c1"
version = "0.1.0"
dependencies = [
 "bench_c0",
]

[[package]]
name = "bench_c2"
version = "0.1.0"
dependencies = [
 "bench_c1",
]
