# This file is automatically @generated by Cargo.
# It is not intended for manual editing.
version = 4

[[package]]
name = "bench_c0"
version = "0.1.0"

[[package]]
name = "bench_c1"
version = "0.1.0"
dependencies = [
 "bench_c0",
]

[[package]]
name = "bench_c2"
version = "0.1.0"
dependencies = [
 "bench_c1",
]

[[package]]
name = "bench_c3"
version = "0.1.0"
dependencies = [
 "bench_c2",
]

[[package]]
name = "bench_c4"
version = "0.1.0"
dependencies = [
 "bench_c3",
]

[[package]]
name = "bench_c5"
version = "0.1.0"
dependencies = [
 "bench_c4",
]

[[package]]
name = "bench_c6"
version = "0.1.0"
dependencies = [
 "bench_c5",
]

[[package]]
name = "bench_c7"
version = "0.1.0"
dependencies = [
 "bench_c6",
]
